
Microsoft Visual Studio Solution File, Format Version 10.00
# Visual Studio 2008
Project("{FAE04EC0-301F-11D3-BF4B-00C04F79EFBC}") = "OptimizationTest", "OptimizationTest\OptimizationTest.csproj", "{7C0C78E2-410F-4952-8F3A-7D85B09595EA}"
EndProject
Global
	GlobalSection(SolutionConfigurationPlatforms) = preSolution
		Debug|x86 = Debug|x86
		Release|x86 = Release|x86
	EndGlobalSection
	GlobalSection(ProjectConfigurationPlatforms) = postSolution
		{7C0C78E2-410F-4952-8F3A-7D85B09595EA}.Debug|x86.ActiveCfg = Debug|x86
		{7C0C78E2-410F-4952-8F3A-7D85B09595EA}.Debug|x86.Build.0 = Debug|x86
		{7C0C78E2-410F-4952-8F3A-7D85B09595EA}.Release|x86.ActiveCfg = Release|x86
		{7C0C78E2-410F-4952-8F3A-7D85B09595EA}.Release|x86.Build.0 = Release|x86
	EndGlobalSection
	GlobalSection(MonoDevelopProperties) = preSolution
		StartupItem = OptimizationTest\OptimizationTest.csproj
	EndGlobalSection
EndGlobal
